
Microsoft Visual Studio Solution File, Format Version 12.00
# Visual Studio Version 17
VisualStudioVersion = 17.1.32407.343
MinimumVisualStudioVersion = 10.0.40219.1
Project("{9A19103F-16F7-4668-BE54-9A1E7A4F7556}") = "BlazorWebApp.Server", "Server\BlazorWebApp.Server.csproj", "{FBF058C3-ECB8-4C69-B2F8-86048E45B57E}"
EndProject
Project("{9A19103F-16F7-4668-BE54-9A1E7A4F7556}") = "BlazorWebApp.Client", "Client\BlazorWebApp.Client.csproj", "{C5014901-BD36-4DA8-A9DA-33FC06062029}"
EndProject
Project("{9A19103F-16F7-4668-BE54-9A1E7A4F7556}") = "BlazorWebApp.Shared", "Shared\BlazorWebApp.Shared.csproj", "{BB95A782-4ECC-4389-B5D1-719415467826}"
EndProject
Global
	GlobalSection(SolutionConfigurationPlatforms) = preSolution
		Debug|Any CPU = Debug|Any CPU
		Release|Any CPU = Release|Any CPU
	EndGlobalSection
	GlobalSection(ProjectConfigurationPlatforms) = postSolution
		{FBF058C3-ECB8-4C69-B2F8-86048E45B57E}.Debug|Any CPU.ActiveCfg = Debug|Any CPU
		{FBF058C3-ECB8-4C69-B2F8-86048E45B57E}.Debug|Any CPU.Build.0 = Debug|Any CPU
		{FBF058C3-ECB8-4C69-B2F8-86048E45B57E}.Release|Any CPU.ActiveCfg = Release|Any CPU
		{FBF058C3-ECB8-4C69-B2F8-86048E45B57E}.Release|Any CPU.Build.0 = Release|Any CPU
		{C5014901-BD36-4DA8-A9DA-33FC06062029}.Debug|Any CPU.ActiveCfg = Debug|Any CPU
		{C5014901-BD36-4DA8-A9DA-33FC06062029}.Debug|Any CPU.Build.0 = Debug|Any CPU
		{C5014901-BD36-4DA8-A9DA-33FC06062029}.Release|Any CPU.ActiveCfg = Release|Any CPU
		{C5014901-BD36-4DA8-A9DA-33FC06062029}.Release|Any CPU.Build.0 = Release|Any CPU
		{BB95A782-4ECC-4389-B5D1-719415467826}.Debug|Any CPU.ActiveCfg = Debug|Any CPU
		{BB95A782-4ECC-4389-B5D1-719415467826}.Debug|Any CPU.Build.0 = Debug|Any CPU
		{BB95A782-4ECC-4389-B5D1-719415467826}.Release|Any CPU.ActiveCfg = Release|Any CPU
		{BB95A782-4ECC-4389-B5D1-719415467826}.Release|Any CPU.Build.0 = Release|Any CPU
	EndGlobalSection
	GlobalSection(SolutionProperties) = preSolution
		HideSolutionNode = FALSE
	EndGlobalSection
	GlobalSection(ExtensibilityGlobals) = postSolution
		SolutionGuid = {4966387C-B75A-44B8-A4F5-0E57A5FED244}
	EndGlobalSection
EndGlobal
